
Microsoft Visual Studio Solution File, Format Version 12.00
# Visual Studio Version 17
VisualStudioVersion = 17.6.33723.286
MinimumVisualStudioVersion = 10.0.40219.1
Project("{2150E333-8FDC-42A3-9474-1A3956D46DE8}") = "src", "src", "{B32B95A4-73E2-4801-BBE5-585A8DEA26EA}"
EndProject
Project("{FAE04EC0-301F-11D3-BF4B-00C04F79EFBC}") = "UrlShortener", "UrlShortener\UrlShortener.csproj", "{4A1CFC15-F7D3-4129-8611-BBE5C133BCC1}"
EndProject
Global
	GlobalSection(SolutionConfigurationPlatforms) = preSolution
		Debug|Any CPU = Debug|Any CPU
		Release|Any CPU = Release|Any CPU
	EndGlobalSection
	GlobalSection(ProjectConfigurationPlatforms) = postSolution
		{4A1CFC15-F7D3-4129-8611-BBE5C133BCC1}.Debug|Any CPU.ActiveCfg = Debug|Any CPU
		{4A1CFC15-F7D3-4129-8611-BBE5C133BCC1}.Debug|Any CPU.Build.0 = Debug|Any CPU
		{4A1CFC15-F7D3-4129-8611-BBE5C133BCC1}.Release|Any CPU.ActiveCfg = Release|Any CPU
		{4A1CFC15-F7D3-4129-8611-BBE5C133BCC1}.Release|Any CPU.Build.0 = Release|Any CPU
	EndGlobalSection
	GlobalSection(SolutionProperties) = preSolution
		HideSolutionNode = FALSE
	EndGlobalSection
	GlobalSection(NestedProjects) = preSolution
		{4A1CFC15-F7D3-4129-8611-BBE5C133BCC1} = {B32B95A4-73E2-4801-BBE5-585A8DEA26EA}
	EndGlobalSection
	GlobalSection(ExtensibilityGlobals) = postSolution
		SolutionGuid = {66226AAD-7592-47C1-8B56-C53BE99EBEFA}
	EndGlobalSection
EndGlobal
